version = 1
revision = 5
requires-python = "==3.11.*"
resolution-markers = [
    "platform_machine == 'x86_64' and sys_platform == 'linux'",
]
supported-markers = [
    "platform_machine == 'x86_64' and sys_platform == 'linux'",
]
conflicts = [[
    { package = "pedestrian-behavior-labeling", extra = "cpu" },
    { package = "pedestrian-behavior-labeling", extra = "cu118" },
]]

[[package]]
name = "filelock"
version = "4.0.12"
source = { registry = "https://pypi.org/simple" }
sdist = { url = "https://files.pythonhosted.org/packages/53/e4/34efcb869715cf299e47d1ac7b2624d2bcb6f2d3dffc2f0abe8417f65ab2/filelock-4.0.12.tar.gz", hash = "sha256:cf42711a7ac791818b299fab0332a088c65aeeefa36290de98db92c434303b0c", size = 253880, upload-time = "2026-10-05T13:17:43.677Z" }
wheels = [
    { url = "https://files.pythonhosted.org/packages/da/a1/b047e1c486a2c66283633b7dbb73872ca16ca1ce6a426f70d4d037fc8e1c/filelock-4.0.12-py3-none-any.whl", hash = "sha256:5f17ee83ecee8a6f3e389c75822fb70a1c2f0506b99438a6dffa1d56793588c8", size = 111732, upload-time = "2026-10-05T13:17:42.361Z" },
]

[[package]]
name = "fsspec"
version = "2026.9.0"
source = { registry = "https://pypi.org/simple" }
sdist = { url = "https://files.pythonhosted.org/packages/77/cd/9be253869fc42e764de7f3dedd6969af7d44ff9c3375214a3442a6f3fc08/fsspec-2026.9.0.tar.gz", hash = "sha256:0f08147951c8cb31d844c3547d631053b127863b60be04cf06e121333ee0e2fe", size = 333545, upload-time = "2026-09-18T17:50:42.825Z" }
wheels = [
    { url = "https://files.pythonhosted.org/packages/6c/c0/a98505f18594f1bce828bb159cec0fcf9860562f1a2c85913409fc8f3d9e/fsspec-2026.9.0-py3-none-any.whl", hash = "sha256:8dd6e646e99ea382bd85f97a45e6b526a442d79423a7dc673f1e2756d05fcb5f", size = 221738, upload-time = "2026-09-18T17:50:41.341Z" },
]

[[package]]
name = "jinja2"
version = "3.1.6"
source = { registry = "https://pypi.org/simple" }
dependencies = [
    { name = "markupsafe" },
]
sdist = { url = "https://files.pythonhosted.org/packages/df/bf/f7da0350254c0ed7c72f3e33cef02e048281fec7ecec5f032d4aac52226b/jinja2-3.1.6.tar.gz", hash = "sha256:0137fb05990d35f1275a587e9aee6d56da821fc83491a0fb838183be43f66d6d", size = 245115, upload-time = "2025-03-05T20:05:02.478Z" }
wheels = [
    { url = "https://files.pythonhosted.org/packages/62/a1/3d680cbfd5f4b8f15abc1d571870c5fc3e594bb582bc3b64ea099db13e56/jinja2-3.1.6-py3-none-any.whl", hash = "sha256:85ece4451f492d0c13c5dd7c13a64681a86afae63a5f347908daf103ce6d2f67", size = 134899, upload-time = "2025-03-05T20:05:00.369Z" },
]

[[package]]
name = "markupsafe"
version = "3.0.4"
source = { registry = "https://pypi.org/simple" }
sdist = { url = "https://files.pythonhosted.org/packages/38/9b/e422a865e1d5d57d0e509b4e0bf1c1a70a7f6382c29a5aa428df994c8bc8/markupsafe-3.0.4.tar.gz", hash = "sha256:2e9ad7dd851bf45fab9f75cbff4cb493fee9979e8d8c7c9c3ee119022518edd6", size = 153777, upload-time = "2026-10-02T23:07:22.29Z" }
wheels = [
    { url = "https://files.pythonhosted.org/packages/81/a5/a513b76c139a3915b43404324e55c0b7979ae4f0d39eb6f075b0282e90a8/markupsafe-3.0.4-cp311-cp311-manylinux2014_x86_64.manylinux_2_17_x86_64.manylinux_2_28_x86_64.whl", hash = "sha256:6da83a088f8ef93b2d483a8232a4dbf4d69d3d8496b568a03c56becac43e1808", size = 22961, upload-time = "2026-10-02T23:04:41.372Z" },
    { url = "https://files.pythonhosted.org/packages/75/ef/5b824f03ba40c3b3652b6272d083d2fc4fcdd440de519a3a39ba2c3e7262/markupsafe-3.0.4-cp311-cp311-musllinux_1_2_x86_64.whl", hash = "sha256:50b5bedc9ed8a94fc8857a42ef4f84a81ea88f8d4f05dc8705fb23ee6d8dcca7", size = 22955, upload-time = "2026-10-02T23:04:47.698Z" },
]

[[package]]
name = "mpmath"
version = "1.3.0"
source = { registry = "https://pypi.org/simple" }
sdist = { url = "https://files.pythonhosted.org/packages/e0/47/dd32fa426cc72114383ac549964eecb20ecfd886d1e5ccf5340b55b02f57/mpmath-1.3.0.tar.gz", hash = "sha256:7a28eb2a9774d00c7bc92411c19a89209d5da7c4c9a9e227be8330a23a25b91f", size = 508106, upload-time = "2023-03-07T16:47:11.061Z" }
wheels = [
    { url = "https://files.pythonhosted.org/packages/43/e3/7d92a15f894aa0c9c4b49b8ee9ac9850d6e63b03c9c32c0367a13ae62209/mpmath-1.3.0-py3-none-any.whl", hash = "sha256:a0b2b9fe80bbcd81a6647ff13108738cfb482d481d826cc0e02f5b35e5c88d2c", size = 536198, upload-time = "2023-03-07T16:47:09.197Z" },
]

[[package]]
name = "networkx"
version = "3.6.1"
source = { registry = "https://pypi.org/simple" }
sdist = { url = "https://files.pythonhosted.org/packages/6a/51/63fe664f3908c97be9d2e4f1158eb633317598cfa6e1fc14af5383f17512/networkx-3.6.1.tar.gz", hash = "sha256:26b7c357accc0c8cde558ad486283728b65b6a95d85ee1cd66bafab4c8168509", size = 2517025, upload-time = "2025-12-08T17:02:39.908Z" }
wheels = [
    { url = "https://files.pythonhosted.org/packages/9e/c9/b2622292ea83fbb4ec318f5b9ab867d0a28ab43c5717bb85b0a5f6b3b0a4/networkx-3.6.1-py3-none-any.whl", hash = "sha256:d47fbf302e7d9cbbb9e2555a0d267983d2aa476bac30e90dfbe5669bd57f3762", size = 2068504, upload-time = "2025-12-08T17:02:38.159Z" },
]

[[package]]
name = "numpy"
version = "2.4.6"
source = { registry = "https://pypi.org/simple" }
sdist = { url = "https://files.pythonhosted.org/packages/d0/ad/fed0499ce6a338d2a03ebae59cd15093910c8875328855781952abf6c2fe/numpy-2.4.6.tar.gz", hash = "sha256:f3a3570c4a2a16746ac2c31a7c7c7b0c186b95ce902e33db6f28094ed7387dda", size = 20735807, upload-time = "2026-05-18T23:37:14.07Z" }
wheels = [
    { url = "https://files.pythonhosted.org/packages/02/03/74fe2a4cb3817d94d86402f2506554130a2f01414e299b5a843e5a8a957f/numpy-2.4.6-cp311-cp311-manylinux_2_27_x86_64.manylinux_2_28_x86_64.whl", hash = "sha256:89cd468399cfd2504718f0ba50e410dca55a170b61a02ad92bb18c8a65186e93", size = 16918164, upload-time = "2026-05-18T23:33:29.955Z" },
    { url = "https://files.pythonhosted.org/packages/ca/ac/a691e0fe2675e370d0e08ff905adc49a1c8830e8cae03efe4477e92cd55d/numpy-2.4.6-cp311-cp311-musllinux_1_2_x86_64.whl", hash = "sha256:f407cb6b8e9d6d8c626bc73c945db1706035af8fd632295547bf1c9e46d092d6", size = 18651487, upload-time = "2026-05-18T23:33:38.217Z" },
    { url = "https://files.pythonhosted.org/packages/1a/b0/413077f6b1153ed3cba361401c6783bbad6114804a000cc22eb71c13e190/numpy-2.4.6-pp311-pypy311_pp73-manylinux_2_27_x86_64.manylinux_2_28_x86_64.whl", hash = "sha256:8ad03c0965fb3c692200e74d458ca28c1dbb4ce96f9a479a8aa041ad5fabca02", size = 16747286, upload-time = "2026-05-18T23:37:06.327Z" },
]

[[package]]
name = "nvidia-cublas-cu11"
version = "11.11.3.6"
source = { registry = "https://pypi.org/simple" }
wheels = [
    { url = "https://files.pythonhosted.org/packages/46/be/c222e33e60d28ecd496a46fc4d78ccae0ee28e1fd7dc705b6288b4cad27e/nvidia_cublas_cu11-11.11.3.6-py3-none-manylinux1_x86_64.whl", hash = "sha256:39fb40e8f486dd8a2ddb8fdeefe1d5b28f5b99df01c87ab3676f057a74a5a6f3", size = 417870452, upload-time = "2022-10-18T21:17:48.638Z" },
    { url = "https://files.pythonhosted.org/packages/ea/2e/9d99c60771d275ecf6c914a612e9a577f740a615bc826bec132368e1d3ae/nvidia_cublas_cu11-11.11.3.6-py3-none-manylinux2014_x86_64.whl", hash = "sha256:60252822adea5d0b10cd990a7dc7bedf7435f30ae40083c7a624a85a43225abc", size = 417870460, upload-time = "2024-08-17T00:00:26.889Z" },
]

[[package]]
name = "nvidia-cuda-cupti-cu11"
version = "11.8.87"
source = { registry = "https://pypi.org/simple" }
wheels = [
    { url = "https://files.pythonhosted.org/packages/27/c9/b4b15f709a694ea9f84871c6c4fbeeb54bab225962d852665a2c6f77f90d/nvidia_cuda_cupti_cu11-11.8.87-py3-none-manylinux1_x86_64.whl", hash = "sha256:0e50c707df56c75a2c0703dc6b886f3c97a22f37d6f63839f75b7418ba672a8d", size = 13093657, upload-time = "2022-10-03T21:46:12.544Z" },
    { url = "https://files.pythonhosted.org/packages/74/42/9f5c5cc084ce6f3073048c4f6806f45ba4c8c73f227c9587215d9c372e05/nvidia_cuda_cupti_cu11-11.8.87-py3-none-manylinux2014_x86_64.whl", hash = "sha256:4191a17913a706b5098681280cd089cd7d8d3df209a6f5cb79384974a96d24f2", size = 13093662, upload-time = "2024-08-16T23:56:38.082Z" },
]

[[package]]
name = "nvidia-cuda-nvrtc-cu11"
version = "11.8.89"
source = { registry = "https://pypi.org/simple" }
wheels = [
    { url = "https://files.pythonhosted.org/packages/83/08/a9833e4e9f9165bedb7f36033b47aa399b053b9cb2eaf7b84d1e28705cf7/nvidia_cuda_nvrtc_cu11-11.8.89-py3-none-manylinux1_x86_64.whl", hash = "sha256:1f27d67b0f72902e9065ae568b4f6268dfe49ba3ed269c9a3da99bb86d1d2008", size = 23173264, upload-time = "2022-10-03T21:47:00.705Z" },
    { url = "https://files.pythonhosted.org/packages/60/44/202e027c224c26e15a53f01c5c7604c7f6b4fd368882d3164ea08fead207/nvidia_cuda_nvrtc_cu11-11.8.89-py3-none-manylinux2014_x86_64.whl", hash = "sha256:a8d02f3cba345be56b1ffc3e74d8f61f02bb758dd31b0f20e12277a5a244f756", size = 23173745, upload-time = "2024-08-16T23:58:16.539Z" },
]

[[package]]
name = "nvidia-cuda-runtime-cu11"
version = "11.8.89"
source = { registry = "https://pypi.org/simple" }
wheels = [
    { url = "https://files.pythonhosted.org/packages/45/3e/84db02be49fe6d6df6e42f69fd64501c22d0f9ada9c9877f885612085d20/nvidia_cuda_runtime_cu11-11.8.89-py3-none-manylinux1_x86_64.whl", hash = "sha256:f587bd726eb2f7612cf77ce38a2c1e65cf23251ff49437f6161ce0d647f64f7c", size = 875585, upload-time = "2022-10-03T21:46:03.05Z" },
    { url = "https://files.pythonhosted.org/packages/a6/ec/a540f28b31de7bc1ed49eecc72035d4cb77db88ead1d42f7bfa5ae407ac6/nvidia_cuda_runtime_cu11-11.8.89-py3-none-manylinux2014_x86_64.whl", hash = "sha256:92d04069a987e1fbc9213f8376d265df0f7bb42617d44f5eda1f496acea7f2d1", size = 875592, upload-time = "2024-08-16T23:56:18.774Z" },
]

[[package]]
name = "nvidia-cudnn-cu11"
version = "9.1.0.70"
source = { registry = "https://pypi.org/simple" }
dependencies = [
    { name = "nvidia-cublas-cu11" },
]
wheels = [
    { url = "https://files.pythonhosted.org/packages/00/3b/0b776f04e364cd99e4cf152c2a9eadb5934c67c9a91429da55169a9447fd/nvidia_cudnn_cu11-9.1.0.70-py3-none-manylinux2014_x86_64.whl", hash = "sha256:e6135ac63fe9d5b0b89cfb35c3fc1c1349f2b995becadf2e9dc21bca89d9633d", size = 663919573, upload-time = "2024-04-22T15:20:24.839Z" },
]

[[package]]
name = "nvidia-cufft-cu11"
version = "10.9.0.58"
source = { registry = "https://pypi.org/simple" }
wheels = [
    { url = "https://files.pythonhosted.org/packages/74/79/b912a77e38e41f15a0581a59f5c3548d1ddfdda3225936fb67c342719e7a/nvidia_cufft_cu11-10.9.0.58-py3-none-manylinux1_x86_64.whl", hash = "sha256:222f9da70c80384632fd6035e4c3f16762d64ea7a843829cb278f98b3cb7dd81", size = 168405414, upload-time = "2022-10-03T23:29:47.505Z" },
    { url = "https://files.pythonhosted.org/packages/64/c8/133717b43182ba063803e983e7680a94826a9f4ff5734af0ca315803f1b3/nvidia_cufft_cu11-10.9.0.58-py3-none-manylinux2014_x86_64.whl", hash = "sha256:e21037259995243cc370dd63c430d77ae9280bedb68d5b5a18226bfc92e5d748", size = 168405419, upload-time = "2024-08-17T00:02:03.562Z" },
]

[[package]]
name = "nvidia-curand-cu11"
version = "10.3.0.86"
source = { registry = "https://pypi.org/simple" }
wheels = [
    { url = "https://files.pythonhosted.org/packages/49/28/c47f8e2439ddbcbeae3cf74d43ed572b651d630ea72863d5357f3759eb66/nvidia_curand_cu11-10.3.0.86-py3-none-manylinux1_x86_64.whl", hash = "sha256:ac439548c88580269a1eb6aeb602a5aed32f0dbb20809a31d9ed7d01d77f6bf5", size = 58124493, upload-time = "2022-10-03T23:30:05.413Z" },
    { url = "https://files.pythonhosted.org/packages/58/e5/ce5806afc48a6e4e0dddd25316ac60b6fa94fd1791bdbf4ca17bf52696ea/nvidia_curand_cu11-10.3.0.86-py3-none-manylinux2014_x86_64.whl", hash = "sha256:cd4cffbf78bb06580206b4814d5dc696d1161c902aae37b2bba00056832379e6", size = 58124497, upload-time = "2024-08-17T00:03:01.833Z" },
]

[[package]]
name = "nvidia-cusolver-cu11"
version = "11.4.1.48"
source = { registry = "https://pypi.org/simple" }
dependencies = [
    { name = "nvidia-cublas-cu11" },
]
wheels = [
    { url = "https://files.pythonhosted.org/packages/55/ee/939ff0104991dd7bdabb4c9767994c612ba0e1c9a55672a1ddd42f5e5b16/nvidia_cusolver_cu11-11.4.1.48-py3-none-manylinux1_x86_64.whl", hash = "sha256:ca538f545645b7e6629140786d3127fe067b3d5a085bd794cde5bfe877c8926f", size = 128240842, upload-time = "2022-10-03T23:30:24.348Z" },
    { url = "https://files.pythonhosted.org/packages/52/fe/866e87e6e6a1b0a5fcf8524a058042656702f2057e22bfdb8899a7c38e10/nvidia_cusolver_cu11-11.4.1.48-py3-none-manylinux2014_x86_64.whl", hash = "sha256:ea9fb1ad8c644ca9ed55af13cc39af3b7ba4c3eb5aef18471fe1fe77d94383cb", size = 128246438, upload-time = "2024-08-17T00:03:52.432Z" },
]

[[package]]
name = "nvidia-cusparse-cu11"
version = "11.7.5.86"
source = { registry = "https://pypi.org/simple" }
wheels = [
    { url = "https://files.pythonhosted.org/packages/c1/e0/21b829c535d569831835a4ca5d049a19ba00d3e91f3e12ab4ad27bd7385f/nvidia_cusparse_cu11-11.7.5.86-py3-none-manylinux1_x86_64.whl", hash = "sha256:4ae709fe78d3f23f60acaba8c54b8ad556cf16ca486e0cc1aa92dca7555d2d2b", size = 204126221, upload-time = "2022-10-18T21:19:28.04Z" },
    { url = "https://files.pythonhosted.org/packages/ed/5c/b0333b07c51ced77397c2fb0d9826072cea0da9d421aa7e792aa0f8ecc72/nvidia_cusparse_cu11-11.7.5.86-py3-none-manylinux2014_x86_64.whl", hash = "sha256:8d7cf1628fd8d462b5d2ba6678fae34733a48ecb80495b9c68672ec6a6dde5ef", size = 204126227, upload-time = "2024-08-17T00:05:20.798Z" },
]

[[package]]
name = "nvidia-nccl-cu11"
version = "2.21.5"
source = { registry = "https://pypi.org/simple" }
wheels = [
    { url = "https://files.pythonhosted.org/packages/ac/9a/8b6a28b3b87d5fddab0e92cd835339eb8fbddaa71ae67518c8c1b3d05bae/nvidia_nccl_cu11-2.21.5-py3-none-manylinux2014_x86_64.whl", hash = "sha256:49d8350629c7888701d1fd200934942671cb5c728f49acc5a0b3a768820bed29", size = 147811630, upload-time = "2024-04-03T15:33:12.879Z" },
]

[[package]]
name = "nvidia-nvtx-cu11"
version = "11.8.86"
source = { registry = "https://pypi.org/simple" }
wheels = [
    { url = "https://files.pythonhosted.org/packages/d5/a2/23214c23118784dc2189ac2d2e48190df3e4206e2f73eb17d47140797a2b/nvidia_nvtx_cu11-11.8.86-py3-none-manylinux1_x86_64.whl", hash = "sha256:890656d8bd9b4e280231c832e1f0d03459200ba4824ddda3dcb59b1e1989b9f5", size = 99125, upload-time = "2022-10-03T21:47:19.565Z" },
    { url = "https://files.pythonhosted.org/packages/b5/ad/973a187b137a3d45dc3faac421ef1275fb41fc169fd3889e2d5ceb0daa54/nvidia_nvtx_cu11-11.8.86-py3-none-manylinux2014_x86_64.whl", hash = "sha256:979f5b2aef5da164c5c53c64c85c3dfa61b8b4704f4f963bb568bf98fa8472e8", size = 99130, upload-time = "2024-08-16T23:58:33.479Z" },
]

[[package]]
name = "pedestrian-behavior-labeling"
version = "0.0.0"
source = { editable = "." }
dependencies = [
    { name = "numpy" },
    { name = "pillow" },
    { name = "pyarrow" },
]

[package.optional-dependencies]
cpu = [
    { name = "torch", version = "2.7.1+cpu", source = { registry = "https://download.pytorch.org/whl/cpu" } },
]
cu118 = [
    { name = "torch", version = "2.7.1+cu118", source = { registry = "https://download.pytorch.org/whl/cu118" } },
]

[package.metadata]
requires-dist = [
    { name = "numpy", specifier = "==2.4.6" },
    { name = "pillow", specifier = "==12.3.0" },
    { name = "pyarrow", specifier = "==25.0.1" },
    { name = "torch", marker = "extra == 'cpu'", specifier = "==2.7.1", index = "https://download.pytorch.org/whl/cpu", conflict = { package = "pedestrian-behavior-labeling", extra = "cpu" } },
    { name = "torch", marker = "extra == 'cu118'", specifier = "==2.7.1", index = "https://download.pytorch.org/whl/cu118", conflict = { package = "pedestrian-behavior-labeling", extra = "cu118" } },
]
provides-extras = ["cpu", "cu118"]

[[package]]
name = "pillow"
version = "12.3.0"
source = { registry = "https://pypi.org/simple" }
sdist = { url = "https://files.pythonhosted.org/packages/1c/3d/bb7fca845737cf9d7dbde16ed1843984665ff2e0a518f5db43e77ec540b9/pillow-12.3.0.tar.gz", hash = "sha256:3b8182a766685eaa002637e28b4ec8d6b18819a0c71f579bf0dbaa5830297cce", size = 47025035, upload-time = "2026-07-01T11:56:38.965Z" }
wheels = [
    { url = "https://files.pythonhosted.org/packages/3b/2d/ede717bc1144f63886c21fd349bb95860b0d1a21149ff16f2bb362b612b6/pillow-12.3.0-cp311-cp311-manylinux_2_27_x86_64.manylinux_2_28_x86_64.whl", hash = "sha256:23d27a3e0307ec2244cc51e7287b919aa68d097504ebe19df4e76a98a3eea5bd", size = 6934408, upload-time = "2026-07-01T11:53:53.487Z" },
    { url = "https://files.pythonhosted.org/packages/ff/fa/dc2a5c0ba6df93f67c31d34b808b7ce440b40cdbf96f0b81cde1d1e6fa93/pillow-12.3.0-cp311-cp311-musllinux_1_2_x86_64.whl", hash = "sha256:236ff70b9312fb68943c703aa842ca6a758abfa45ac187a5e7c1452e96ef72b5", size = 7045172, upload-time = "2026-07-01T11:53:57.736Z" },
    { url = "https://files.pythonhosted.org/packages/08/14/f6ba68107680ffa74b39985f3f30884e41318fbc4250caa423c79b4788bb/pillow-12.3.0-pp311-pypy311_pp73-manylinux_2_27_x86_64.manylinux_2_28_x86_64.whl", hash = "sha256:e7e480451b9fa137494bccd3a7d69adbe8ac65a87d97be61e11f1b1050a5bac3", size = 5860358, upload-time = "2026-07-01T11:56:32.68Z" },
]

[[package]]
name = "pyarrow"
version = "25.0.1"
source = { registry = "https://pypi.org/simple" }
sdist = { url = "https://files.pythonhosted.org/packages/3d/e3/27f57f80141379d60defe6703eb50a707325706f07fedfd1312c7a751995/pyarrow-25.0.1.tar.gz", hash = "sha256:9150a83248bfed9813ea3c3af74c3856c1984d444aa28e58bf7733b9750ddf6a", size = 1201653, upload-time = "2026-08-10T12:40:53.904Z" }
wheels = [
    { url = "https://files.pythonhosted.org/packages/c8/6e/d3fafc41f378b2c65be43b827798c0fae42049a641c8526633ed3eb573e2/pyarrow-25.0.1-cp311-cp311-manylinux_2_28_x86_64.whl", hash = "sha256:25f8720bf6387d5dc2ebd2622112de630760419e4b66134405dd24110d15f37e", size = 50065507, upload-time = "2026-08-10T12:37:40.565Z" },
    { url = "https://files.pythonhosted.org/packages/d3/0b/1ecb936ac6409e90a34d58eea1c7cec09a9ae6d2141b9e49ad01a2b1ea47/pyarrow-25.0.1-cp311-cp311-musllinux_1_2_x86_64.whl", hash = "sha256:aa0559502e1cd6254d6814614085dd9c5a3dd0419362978a936a3f68a9e5c3df", size = 53128198, upload-time = "2026-08-10T12:37:52.531Z" },
]

[[package]]
name = "setuptools"
version = "84.0.0"
source = { registry = "https://pypi.org/simple" }
sdist = { url = "https://files.pythonhosted.org/packages/6d/44/f5da03a8ef95d369145c5bb53050e7877c9f3d312e128605fd9504829143/setuptools-84.0.0.tar.gz", hash = "sha256:f4695c21257f0d9b537ec2692c941d02ee143b7cc1276941349a546573b2ef73", size = 1168449, upload-time = "2026-08-08T18:27:58.365Z" }
wheels = [
    { url = "https://files.pythonhosted.org/packages/95/9c/c510029fc6ef33a6275cd2c5d3cecd6613dfd6aa401d57c54f1c18852ccf/setuptools-84.0.0-py3-none-any.whl", hash = "sha256:51a52592b3b99e102b609654876bd65f19f999935166d1352678931132b0c670", size = 818216, upload-time = "2026-08-08T18:27:56.719Z" },
]

[[package]]
name = "sympy"
version = "1.14.0"
source = { registry = "https://pypi.org/simple" }
dependencies = [
    { name = "mpmath" },
]
sdist = { url = "https://files.pythonhosted.org/packages/83/d3/803453b36afefb7c2bb238361cd4ae6125a569b4db67cd9e79846ba2d68c/sympy-1.14.0.tar.gz", hash = "sha256:d3d3fe8df1e5a0b42f0e7bdf50541697dbe7d23746e894990c030e2b05e72517", size = 7793921, upload-time = "2025-04-27T18:05:01.611Z" }
wheels = [
    { url = "https://files.pythonhosted.org/packages/a2/09/77d55d46fd61b4a135c444fc97158ef34a095e5681d0a6c10b75bf356191/sympy-1.14.0-py3-none-any.whl", hash = "sha256:e091cc3e99d2141a0ba2847328f5479b05d94a6635cb96148ccb3f34671bd8f5", size = 6299353, upload-time = "2025-04-27T18:04:59.103Z" },
]

[[package]]
name = "torch"
version = "2.7.1+cpu"
source = { registry = "https://download.pytorch.org/whl/cpu" }
resolution-markers = [
    "platform_machine == 'x86_64' and sys_platform == 'linux'",
]
dependencies = [
    { name = "filelock" },
    { name = "fsspec" },
    { name = "jinja2" },
    { name = "networkx" },
    { name = "sympy" },
    { name = "typing-extensions" },
]
wheels = [
    { url = "https://download-r2.pytorch.org/whl/cpu/torch-2.7.1%2Bcpu-cp311-cp311-manylinux_2_28_x86_64.whl", hash = "sha256:a1684793e352f03fa14f78857e55d65de4ada8405ded1da2bf4f452179c4b779", upload-time = "2025-06-03T18:27:53Z" },
]

[[package]]
name = "torch"
version = "2.7.1+cu118"
source = { registry = "https://download.pytorch.org/whl/cu118" }
resolution-markers = [
    "platform_machine == 'x86_64' and sys_platform == 'linux'",
]
dependencies = [
    { name = "filelock" },
    { name = "fsspec" },
    { name = "jinja2" },
    { name = "networkx" },
    { name = "nvidia-cublas-cu11" },
    { name = "nvidia-cuda-cupti-cu11" },
    { name = "nvidia-cuda-nvrtc-cu11" },
    { name = "nvidia-cuda-runtime-cu11" },
    { name = "nvidia-cudnn-cu11" },
    { name = "nvidia-cufft-cu11" },
    { name = "nvidia-curand-cu11" },
    { name = "nvidia-cusolver-cu11" },
    { name = "nvidia-cusparse-cu11" },
    { name = "nvidia-nccl-cu11" },
    { name = "nvidia-nvtx-cu11" },
    { name = "sympy" },
    { name = "triton" },
    { name = "typing-extensions" },
]
wheels = [
    { url = "https://download-r2.pytorch.org/whl/cu118/torch-2.7.1%2Bcu118-cp311-cp311-manylinux_2_28_x86_64.whl", hash = "sha256:a596d91c747d1fa601724e85b9c8797c8d7c62140aa1acf245773e911254bc45", upload-time = "2025-06-03T18:28:14Z" },
]

[[package]]
name = "triton"
version = "3.3.1"
source = { registry = "https://pypi.org/simple" }
dependencies = [
    { name = "setuptools" },
]
wheels = [
    { url = "https://files.pythonhosted.org/packages/21/2f/3e56ea7b58f80ff68899b1dbe810ff257c9d177d288c6b0f55bf2fe4eb50/triton-3.3.1-cp311-cp311-manylinux_2_27_x86_64.manylinux_2_28_x86_64.whl", hash = "sha256:b31e3aa26f8cb3cc5bf4e187bf737cbacf17311e1112b781d4a059353dfd731b", size = 155689937, upload-time = "2025-05-29T23:39:44.182Z" },
]

[[package]]
name = "typing-extensions"
version = "4.16.0"
source = { registry = "https://pypi.org/simple" }
sdist = { url = "https://files.pythonhosted.org/packages/f6/cc/6253133b5bb138fc3306cebfbda2c520f545d36b5be2c7255cc528bb45d6/typing_extensions-4.16.0.tar.gz", hash = "sha256:dc983d19a509c94dba722ee6abd33940f7c05a89e243c47e907eb4db6f1a43e5", size = 113555, upload-time = "2026-07-02T08:40:05.92Z" }
wheels = [
    { url = "https://files.pythonhosted.org/packages/49/d3/b8441a820a491ddfc024b0b0cf0393375b75ea13866d9c66727e54c2fc80/typing_extensions-4.16.0-py3-none-any.whl", hash = "sha256:481caa481374e813c1b176ada14e97f1f67a4539ce9cfeb3f350d78d6370c2e8", size = 45571, upload-time = "2026-07-02T08:40:04.659Z" },
]
